// !$*UTF8*$!
{
	archiveVersion = 1;
	classes = {
	};
	objectVersion = 50;
	objects = {

/* Begin PBXBuildFile section */
		95E01B5726CC6AF3005FADA4 /* AppDelegate.swift in Sources */ = {isa = PBXBuildFile; fileRef = 95E01B5626CC6AF3005FADA4 /* AppDelegate.swift */; };
		95E01B5926CC6AF3005FADA4 /* SceneDelegate.swift in Sources */ = {isa = PBXBuildFile; fileRef = 95E01B5826CC6AF3005FADA4 /* SceneDelegate.swift */; };
		95E01B5B26CC6AF3005FADA4 /* ViewController.swift in Sources */ = {isa = PBXBuildFile; fileRef = 95E01B5A26CC6AF3005FADA4 /* ViewController.swift */; };
		95E01B5E26CC6AF3005FADA4 /* Main.storyboard in Resources */ = {isa = PBXBuildFile; fileRef = 95E01B5C26CC6AF3005FADA4 /* Main.storyboard */; };
		95E01B6026CC6AF4005FADA4 /* Assets.xcassets in Resources */ = {isa = PBXBuildFile; fileRef = 95E01B5F26CC6AF4005FADA4 /* Assets.xcassets */; };
		95E01B6326CC6AF4005FADA4 /* LaunchScreen.storyboard in Resources */ = {isa = PBXBuildFile; fileRef = 95E01B6126CC6AF4005FADA4 /* LaunchScreen.storyboard */; };
		95E01B6F26CC71E1005FADA4 /* ResultViewController.swift in Sources */ = {isa = PBXBuildFile; fileRef = 95E01B6E26CC71E1005FADA4 /* ResultViewController.swift */; };
		95E01B7326CC7262005FADA4 /* QuizViewController.swift in Sources */ = {isa = PBXBuildFile; fileRef = 95E01B7226CC7262005FADA4 /* QuizViewController.swift */; };
		95E01B7626CC7515005FADA4 /* Quiz.swift in Sources */ = {isa = PBXBuildFile; fileRef = 95E01B7526CC7515005FADA4 /* Quiz.swift */; };
		95E01B7926CC754D005FADA4 /* QuizManager.swift in Sources */ = {isa = PBXBuildFile; fileRef = 95E01B7826CC754D005FADA4 /* QuizManager.swift */; };
/* End PBXBuildFile section */

/* Begin PBXFileReference section */
		95E01B5326CC6AF3005FADA4 /* SwiftQuiz.app */ = {isa = PBXFileReference; explicitFileType = wrapper.application; includeInIndex = 0; path = SwiftQuiz.app; sourceTree = BUILT_PRODUCTS_DIR; };
		95E01B5626CC6AF3005FADA4 /* AppDelegate.swift */ = {isa = PBXFileReference; lastKnownFileType = sourcecode.swift; path = AppDelegate.swift; sourceTree = "<group>"; };
		95E01B5826CC6AF3005FADA4 /* SceneDelegate.swift */ = {isa = PBXFileReference; lastKnownFileType = sourcecode.swift; path = SceneDelegate.swift; sourceTree = "<group>"; };
		95E01B5A26CC6AF3005FADA4 /* ViewController.swift */ = {isa = PBXFileReference; lastKnownFileType = sourcecode.swift; path = ViewController.swift; sourceTree = "<group>"; };
		95E01B5D26CC6AF3005FADA4 /* Base */ = {isa = PBXFileReference; lastKnownFileType = file.storyboard; name = Base; path = Base.lproj/Main.storyboard; sourceTree = "<group>"; };
		95E01B5F26CC6AF4005FADA4 /* Assets.xcassets */ = {isa = PBXFileReference; lastKnownFileType = folder.assetcatalog; path = Assets.xcassets; sourceTree = "<group>"; };
		95E01B6226CC6AF4005FADA4 /* Base */ = {isa = PBXFileReference; lastKnownFileType = file.storyboard; name = Base; path = Base.lproj/LaunchScreen.storyboard; sourceTree = "<group>"; };
		95E01B6426CC6AF4005FADA4 /* Info.plist */ = {isa = PBXFileReference; lastKnownFileType = text.plist.xml; path = Info.plist; sourceTree = "<group>"; };
		95E01B6E26CC71E1005FADA4 /* ResultViewController.swift */ = {isa = PBXFileReference; lastKnownFileType = sourcecode.swift; path = ResultViewController.swift; sourceTree = "<group>"; };
		95E01B7226CC7262005FADA4 /* QuizViewController.swift */ = {isa = PBXFileReference; lastKnownFileType = sourcecode.swift; path = QuizViewController.swift; sourceTree = "<group>"; };
		95E01B7526CC7515005FADA4 /* Quiz.swift */ = {isa = PBXFileReference; lastKnownFileType = sourcecode.swift; path = Quiz.swift; sourceTree = "<group>"; };
		95E01B7826CC754D005FADA4 /* QuizManager.swift */ = {isa = PBXFileReference; lastKnownFileType = sourcecode.swift; path = QuizManager.swift; sourceTree = "<group>"; };
/* End PBXFileReference section */

/* Begin PBXFrameworksBuildPhase section */
		95E01B5026CC6AF3005FADA4 /* Frameworks */ = {
			isa = PBXFrameworksBuildPhase;
			buildActionMask = 2147483647;
			files = (
			);
			runOnlyForDeploymentPostprocessing = 0;
		};
/* End PBXFrameworksBuildPhase section */

/* Begin PBXGroup section */
		95E01B4A26CC6AF3005FADA4 = {
			isa = PBXGroup;
			children = (
				95E01B5526CC6AF3005FADA4 /* SwiftQuiz */,
				95E01B5426CC6AF3005FADA4 /* Products */,
			);
			sourceTree = "<group>";
		};
		95E01B5426CC6AF3005FADA4 /* Products */ = {
			isa = PBXGroup;
			children = (
				95E01B5326CC6AF3005FADA4 /* SwiftQuiz.app */,
			);
			name = Products;
			sourceTree = "<group>";
		};
		95E01B5526CC6AF3005FADA4 /* SwiftQuiz */ = {
			isa = PBXGroup;
			children = (
				95E01B5626CC6AF3005FADA4 /* AppDelegate.swift */,
				95E01B5826CC6AF3005FADA4 /* SceneDelegate.swift */,
				95E01B5A26CC6AF3005FADA4 /* ViewController.swift */,
				95E01B5C26CC6AF3005FADA4 /* Main.storyboard */,
				95E01B6E26CC71E1005FADA4 /* ResultViewController.swift */,
				95E01B7526CC7515005FADA4 /* Quiz.swift */,
				95E01B7826CC754D005FADA4 /* QuizManager.swift */,
				95E01B7226CC7262005FADA4 /* QuizViewController.swift */,
				95E01B5F26CC6AF4005FADA4 /* Assets.xcassets */,
				95E01B6126CC6AF4005FADA4 /* LaunchScreen.storyboard */,
				95E01B6426CC6AF4005FADA4 /* Info.plist */,
			);
			path = SwiftQuiz;
			sourceTree = "<group>";
		};
/* End PBXGroup section */

/* Begin PBXNativeTarget section */
		95E01B5226CC6AF3005FADA4 /* SwiftQuiz */ = {
			isa = PBXNativeTarget;
			buildConfigurationList = 95E01B6726CC6AF4005FADA4 /* Build configuration list for PBXNativeTarget "SwiftQuiz" */;
			buildPhases = (
				95E01B4F26CC6AF3005FADA4 /* Sources */,
				95E01B5026CC6AF3005FADA4 /* Frameworks */,
				95E01B5126CC6AF3005FADA4 /* Resources */,
			);
			buildRules = (
			);
			dependencies = (
			);
			name = SwiftQuiz;
			productName = SwiftQuiz;
			productReference = 95E01B5326CC6AF3005FADA4 /* SwiftQuiz.app */;
			productType = "com.apple.product-type.application";
		};
/* End PBXNativeTarget section */

/* Begin PBXProject section */
		95E01B4B26CC6AF3005FADA4 /* Project object */ = {
			isa = PBXProject;
			attributes = {
				LastSwiftUpdateCheck = 1240;
				LastUpgradeCheck = 1240;
				TargetAttributes = {
					95E01B5226CC6AF3005FADA4 = {
						CreatedOnToolsVersion = 12.4;
					};
				};
			};
			buildConfigurationList = 95E01B4E26CC6AF3005FADA4 /* Build configuration list for PBXProject "SwiftQuiz" */;
			compatibilityVersion = "Xcode 9.3";
			developmentRegion = en;
			hasScannedForEncodings = 0;
			knownRegions = (
				en,
				Base,
			);
			mainGroup = 95E01B4A26CC6AF3005FADA4;
			productRefGroup = 95E01B5426CC6AF3005FADA4 /* Products */;
			projectDirPath = "";
			projectRoot = "";
			targets = (
				95E01B5226CC6AF3005FADA4 /* SwiftQuiz */,
			);
		};
/* End PBXProject section */

/* Begin PBXResourcesBuildPhase section */
		95E01B5126CC6AF3005FADA4 /* Resources */ = {
			isa = PBXResourcesBuildPhase;
			buildActionMask = 2147483647;
			files = (
				95E01B6326CC6AF4005FADA4 /* LaunchScreen.storyboard in Resources */,
				95E01B6026CC6AF4005FADA4 /* Assets.xcassets in Resources */,
				95E01B5E26CC6AF3005FADA4 /* Main.storyboard in Resources */,
			);
			runOnlyForDeploymentPostprocessing = 0;
		};
/* End PBXResourcesBuildPhase section */

/* Begin PBXSourcesBuildPhase section */
		95E01B4F26CC6AF3005FADA4 /* Sources */ = {
			isa = PBXSourcesBuildPhase;
			buildActionMask = 2147483647;
			files = (
				95E01B6F26CC71E1005FADA4 /* ResultViewController.swift in Sources */,
				95E01B7326CC7262005FADA4 /* QuizViewController.swift in Sources */,
				95E01B7626CC7515005FADA4 /* Quiz.swift in Sources */,
				95E01B7926CC754D005FADA4 /* QuizManager.swift in Sources */,
				95E01B5B26CC6AF3005FADA4 /* ViewController.swift in Sources */,
				95E01B5726CC6AF3005FADA4 /* AppDelegate.swift in Sources */,
				95E01B5926CC6AF3005FADA4 /* SceneDelegate.swift in Sources */,
			);
			runOnlyForDeploymentPostprocessing = 0;
		};
/* End PBXSourcesBuildPhase section */

/* Begin PBXVariantGroup section */
		95E01B5C26CC6AF3005FADA4 /* Main.storyboard */ = {
			isa = PBXVariantGroup;
			children = (
				95E01B5D26CC6AF3005FADA4 /* Base */,
			);
			name = Main.storyboard;
			sourceTree = "<group>";
		};
		95E01B6126CC6AF4005FADA4 /* LaunchScreen.storyboard */ = {
			isa = PBXVariantGroup;
			children = (
				95E01B6226CC6AF4005FADA4 /* Base */,
			);
			name = LaunchScreen.storyboard;
			sourceTree = "<group>";
		};
/* End PBXVariantGroup section */

/* Begin XCBuildConfiguration section */
		95E01B6526CC6AF4005FADA4 /* Debug */ = {
			isa = XCBuildConfiguration;
			buildSettings = {
				ALWAYS_SEARCH_USER_PATHS = NO;
				CLANG_ANALYZER_NONNULL = YES;
				CLANG_ANALYZER_NUMBER_OBJECT_CONVERSION = YES_AGGRESSIVE;
				CLANG_CXX_LANGUAGE_STANDARD = "gnu++14";
				CLANG_CXX_LIBRARY = "libc++";
				CLANG_ENABLE_MODULES = YES;
				CLANG_ENABLE_OBJC_ARC = YES;
				CLANG_ENABLE_OBJC_WEAK = YES;
				CLANG_WARN_BLOCK_CAPTURE_AUTORELEASING = YES;
				CLANG_WARN_BOOL_CONVERSION = YES;
				CLANG_WARN_COMMA = YES;
				CLANG_WARN_CONSTANT_CONVERSION = YES;
				CLANG_WARN_DEPRECATED_OBJC_IMPLEMENTATIONS = YES;
				CLANG_WARN_DIRECT_OBJC_ISA_USAGE = YES_ERROR;
				CLANG_WARN_DOCUMENTATION_COMMENTS = YES;
				CLANG_WARN_EMPTY_BODY = YES;
				CLANG_WARN_ENUM_CONVERSION = YES;
				CLANG_WARN_INFINITE_RECURSION = YES;
				CLANG_WARN_INT_CONVERSION = YES;
				CLANG_WARN_NON_LITERAL_NULL_CONVERSION = YES;
				CLANG_WARN_OBJC_IMPLICIT_RETAIN_SELF = YES;
				CLANG_WARN_OBJC_LITERAL_CONVERSION = YES;
				CLANG_WARN_OBJC_ROOT_CLASS = YES_ERROR;
				CLANG_WARN_QUOTED_INCLUDE_IN_FRAMEWORK_HEADER = YES;
				CLANG_WARN_RANGE_LOOP_ANALYSIS = YES;
				CLANG_WARN_STRICT_PROTOTYPES = YES;
				CLANG_WARN_SUSPICIOUS_MOVE = YES;
				CLANG_WARN_UNGUARDED_AVAILABILITY = YES_AGGRESSIVE;
				CLANG_WARN_UNREACHABLE_CODE = YES;
				CLANG_WARN__DUPLICATE_METHOD_MATCH = YES;
				COPY_PHASE_STRIP = NO;
				DEBUG_INFORMATION_FORMAT = dwarf;
				ENABLE_STRICT_OBJC_MSGSEND = YES;
				ENABLE_TESTABILITY = YES;
				GCC_C_LANGUAGE_STANDARD = gnu11;
				GCC_DYNAMIC_NO_PIC = NO;
				GCC_NO_COMMON_BLOCKS = YES;
				GCC_OPTIMIZATION_LEVEL = 0;
				GCC_PREPROCESSOR_DEFINITIONS = (
					"DEBUG=1",
					"$(inherited)",
				);
				GCC_WARN_64_TO_32_BIT_CONVERSION = YES;
				GCC_WARN_ABOUT_RETURN_TYPE = YES_ERROR;
				GCC_WARN_UNDECLARED_SELECTOR = YES;
				GCC_WARN_UNINITIALIZED_AUTOS = YES_AGGRESSIVE;
				GCC_WARN_UNUSED_FUNCTION = YES;
				GCC_WARN_UNUSED_VARIABLE = YES;
				IPHONEOS_DEPLOYMENT_TARGET = 14.4;
				MTL_ENABLE_DEBUG_INFO = INCLUDE_SOURCE;
				MTL_FAST_MATH = YES;
				ONLY_ACTIVE_ARCH = YES;
				SDKROOT = iphoneos;
				SWIFT_ACTIVE_COMPILATION_CONDITIONS = DEBUG;
				SWIFT_OPTIMIZATION_LEVEL = "-Onone";
			};
			name = Debug;
		};
		95E01B6626CC6AF4005FADA4 /* Release */ = {
			isa = XCBuildConfiguration;
			buildSettings = {
				ALWAYS_SEARCH_USER_PATHS = NO;
				CLANG_ANALYZER_NONNULL = YES;
				CLANG_ANALYZER_NUMBER_OBJECT_CONVERSION = YES_AGGRESSIVE;
				CLANG_CXX_LANGUAGE_STANDARD = "gnu++14";
				CLANG_CXX_LIBRARY = "libc++";
				CLANG_ENABLE_MODULES = YES;
				CLANG_ENABLE_OBJC_ARC = YES;
				CLANG_ENABLE_OBJC_WEAK = YES;
				CLANG_WARN_BLOCK_CAPTURE_AUTORELEASING = YES;
				CLANG_WARN_BOOL_CONVERSION = YES;
				CLANG_WARN_COMMA = YES;
				CLANG_WARN_CONSTANT_CONVERSION = YES;
				CLANG_WARN_DEPRECATED_OBJC_IMPLEMENTATIONS = YES;
				CLANG_WARN_DIRECT_OBJC_ISA_USAGE = YES_ERROR;
				CLANG_WARN_DOCUMENTATION_COMMENTS = YES;
				CLANG_WARN_EMPTY_BODY = YES;
				CLANG_WARN_ENUM_CONVERSION = YES;
				CLANG_WARN_INFINITE_RECURSION = YES;
				CLANG_WARN_INT_CONVERSION = YES;
				CLANG_WARN_NON_LITERAL_NULL_CONVERSION = YES;
				CLANG_WARN_OBJC_IMPLICIT_RETAIN_SELF = YES;
				CLANG_WARN_OBJC_LITERAL_CONVERSION = YES;
				CLANG_WARN_OBJC_ROOT_CLASS = YES_ERROR;
				CLANG_WARN_QUOTED_INCLUDE_IN_FRAMEWORK_HEADER = YES;
				CLANG_WARN_RANGE_LOOP_ANALYSIS = YES;
				CLANG_WARN_STRICT_PROTOTYPES = YES;
				CLANG_WARN_SUSPICIOUS_MOVE = YES;
				CLANG_WARN_UNGUARDED_AVAILABILITY = YES_AGGRESSIVE;
				CLANG_WARN_UNREACHABLE_CODE = YES;
				CLANG_WARN__DUPLICATE_METHOD_MATCH = YES;
				COPY_PHASE_STRIP = NO;
				DEBUG_INFORMATION_FORMAT = "dwarf-with-dsym";
				ENABLE_NS_ASSERTIONS = NO;
				ENABLE_STRICT_OBJC_MSGSEND = YES;
				GCC_C_LANGUAGE_STANDARD = gnu11;
				GCC_NO_COMMON_BLOCKS = YES;
				GCC_WARN_64_TO_32_BIT_CONVERSION = YES;
				GCC_WARN_ABOUT_RETURN_TYPE = YES_ERROR;
				GCC_WARN_UNDECLARED_SELECTOR = YES;
				GCC_WARN_UNINITIALIZED_AUTOS = YES_AGGRESSIVE;
				GCC_WARN_UNUSED_FUNCTION = YES;
				GCC_WARN_UNUSED_VARIABLE = YES;
				IPHONEOS_DEPLOYMENT_TARGET = 14.4;
				MTL_ENABLE_DEBUG_INFO = NO;
				MTL_FAST_MATH = YES;
				SDKROOT = iphoneos;
				SWIFT_COMPILATION_MODE = wholemodule;
				SWIFT_OPTIMIZATION_LEVEL = "-O";
				VALIDATE_PRODUCT = YES;
			};
			name = Release;
		};
		95E01B6826CC6AF4005FADA4 /* Debug */ = {
			isa = XCBuildConfiguration;
			buildSettings = {
				ASSETCATALOG_COMPILER_APPICON_NAME = AppIcon;
				ASSETCATALOG_COMPILER_GLOBAL_ACCENT_COLOR_NAME = AccentColor;
				CODE_SIGN_STYLE = Automatic;
				INFOPLIST_FILE = SwiftQuiz/Info.plist;
				LD_RUNPATH_SEARCH_PATHS = (
					"$(inherited)",
					"@executable_path/Frameworks",
				);
				PRODUCT_BUNDLE_IDENTIFIER = com.martinez.SwiftQuiz;
				PRODUCT_NAME = "$(TARGET_NAME)";
				SWIFT_VERSION = 5.0;
				TARGETED_DEVICE_FAMILY = "1,2";
			};
			name = Debug;
		};
		95E01B6926CC6AF4005FADA4 /* Release */ = {
			isa = XCBuildConfiguration;
			buildSettings = {
				ASSETCATALOG_COMPILER_APPICON_NAME = AppIcon;
				ASSETCATALOG_COMPILER_GLOBAL_ACCENT_COLOR_NAME = AccentColor;
				CODE_SIGN_STYLE = Automatic;
				INFOPLIST_FILE = SwiftQuiz/Info.plist;
				LD_RUNPATH_SEARCH_PATHS = (
					"$(inherited)",
					"@executable_path/Frameworks",
				);
				PRODUCT_BUNDLE_IDENTIFIER = com.martinez.SwiftQuiz;
				PRODUCT_NAME = "$(TARGET_NAME)";
				SWIFT_VERSION = 5.0;
				TARGETED_DEVICE_FAMILY = "1,2";
			};
			name = Release;
		};
/* End XCBuildConfiguration section */

/* Begin XCConfigurationList section */
		95E01B4E26CC6AF3005FADA4 /* Build configuration list for PBXProject "SwiftQuiz" */ = {
			isa = XCConfigurationList;
			buildConfigurations = (
				95E01B6526CC6AF4005FADA4 /* Debug */,
				95E01B6626CC6AF4005FADA4 /* Release */,
			);
			defaultConfigurationIsVisible = 0;
			defaultConfigurationName = Release;
		};
		95E01B6726CC6AF4005FADA4 /* Build configuration list for PBXNativeTarget "SwiftQuiz" */ = {
			isa = XCConfigurationList;
			buildConfigurations = (
				95E01B6826CC6AF4005FADA4 /* Debug */,
				95E01B6926CC6AF4005FADA4 /* Release */,
			);
			defaultConfigurationIsVisible = 0;
			defaultConfigurationName = Release;
		};
/* End XCConfigurationList section */
	};
	rootObject = 95E01B4B26CC6AF3005FADA4 /* Project object */;
}
